
Microsoft Visual Studio Solution File, Format Version 12.00
# Visual Studio 14
VisualStudioVersion = 14.0.25420.1
MinimumVisualStudioVersion = 10.0.40219.1
Project("{FAE04EC0-301F-11D3-BF4B-00C04F79EFBC}") = "SearchApiService", "SearchApiService\SearchApiService.csproj", "{033F0B68-4ECB-4D38-8992-2517459E6CD0}"
EndProject
Project("{FAE04EC0-301F-11D3-BF4B-00C04F79EFBC}") = "SearchApiService.Tests", "SearchApiService.Tests\SearchApiService.Tests.csproj", "{7788C5BF-C816-4B1C-913A-4071A5E3521B}"
EndProject
Global
	GlobalSection(SolutionConfigurationPlatforms) = preSolution
		Debug|Any CPU = Debug|Any CPU
		Release|Any CPU = Release|Any CPU
	EndGlobalSection
	GlobalSection(ProjectConfigurationPlatforms) = postSolution
		{033F0B68-4ECB-4D38-8992-2517459E6CD0}.Debug|Any CPU.ActiveCfg = Debug|Any CPU
		{033F0B68-4ECB-4D38-8992-2517459E6CD0}.Debug|Any CPU.Build.0 = Debug|Any CPU
		{033F0B68-4ECB-4D38-8992-2517459E6CD0}.Release|Any CPU.ActiveCfg = Release|Any CPU
		{033F0B68-4ECB-4D38-8992-2517459E6CD0}.Release|Any CPU.Build.0 = Release|Any CPU
		{7788C5BF-C816-4B1C-913A-4071A5E3521B}.Debug|Any CPU.ActiveCfg = Debug|Any CPU
		{7788C5BF-C816-4B1C-913A-4071A5E3521B}.Debug|Any CPU.Build.0 = Debug|Any CPU
		{7788C5BF-C816-4B1C-913A-4071A5E3521B}.Release|Any CPU.ActiveCfg = Release|Any CPU
		{7788C5BF-C816-4B1C-913A-4071A5E3521B}.Release|Any CPU.Build.0 = Release|Any CPU
	EndGlobalSection
	GlobalSection(SolutionProperties) = preSolution
		HideSolutionNode = FALSE
	EndGlobalSection
EndGlobal
